
Microsoft Visual Studio Solution File, Format Version 12.00
# Visual Studio 15
Project("{FAE04EC0-301F-11D3-BF4B-00C04F79EFBC}") = "Day11", "Day11\Day11.csproj", "{94855696-79C5-485C-AE76-86E45C4ADA68}"
EndProject
Project("{FAE04EC0-301F-11D3-BF4B-00C04F79EFBC}") = "Day11Tests", "..\Day11Tests\Day11Tests.csproj", "{3D912759-AAED-41E5-A1F0-80E6FF2A75C5}"
EndProject
Global
	GlobalSection(SolutionConfigurationPlatforms) = preSolution
		Debug|Any CPU = Debug|Any CPU
		Release|Any CPU = Release|Any CPU
	EndGlobalSection
	GlobalSection(ProjectConfigurationPlatforms) = postSolution
		{94855696-79C5-485C-AE76-86E45C4ADA68}.Debug|Any CPU.ActiveCfg = Debug|Any CPU
		{94855696-79C5-485C-AE76-86E45C4ADA68}.Debug|Any CPU.Build.0 = Debug|Any CPU
		{94855696-79C5-485C-AE76-86E45C4ADA68}.Release|Any CPU.ActiveCfg = Release|Any CPU
		{94855696-79C5-485C-AE76-86E45C4ADA68}.Release|Any CPU.Build.0 = Release|Any CPU
		{3D912759-AAED-41E5-A1F0-80E6FF2A75C5}.Debug|Any CPU.ActiveCfg = Debug|Any CPU
		{3D912759-AAED-41E5-A1F0-80E6FF2A75C5}.Debug|Any CPU.Build.0 = Debug|Any CPU
		{3D912759-AAED-41E5-A1F0-80E6FF2A75C5}.Release|Any CPU.ActiveCfg = Release|Any CPU
		{3D912759-AAED-41E5-A1F0-80E6FF2A75C5}.Release|Any CPU.Build.0 = Release|Any CPU
	EndGlobalSection
EndGlobal
