
Microsoft Visual Studio Solution File, Format Version 12.00
# Visual Studio 15
VisualStudioVersion = 15.0.28307.421
MinimumVisualStudioVersion = 10.0.40219.1
Project("{FAE04EC0-301F-11D3-BF4B-00C04F79EFBC}") = "Day14", "Day14\Day14.csproj", "{A88BED36-DB71-445C-9372-E2B580645F26}"
EndProject
Project("{FAE04EC0-301F-11D3-BF4B-00C04F79EFBC}") = "Day14Tests", "Day14Tests\Day14Tests.csproj", "{708F3C61-2ADB-466D-B5F2-B143DE18B9F2}"
EndProject
Global
	GlobalSection(SolutionConfigurationPlatforms) = preSolution
		Debug|Any CPU = Debug|Any CPU
		Release|Any CPU = Release|Any CPU
	EndGlobalSection
	GlobalSection(ProjectConfigurationPlatforms) = postSolution
		{A88BED36-DB71-445C-9372-E2B580645F26}.Debug|Any CPU.ActiveCfg = Debug|Any CPU
		{A88BED36-DB71-445C-9372-E2B580645F26}.Debug|Any CPU.Build.0 = Debug|Any CPU
		{A88BED36-DB71-445C-9372-E2B580645F26}.Release|Any CPU.ActiveCfg = Release|Any CPU
		{A88BED36-DB71-445C-9372-E2B580645F26}.Release|Any CPU.Build.0 = Release|Any CPU
		{708F3C61-2ADB-466D-B5F2-B143DE18B9F2}.Debug|Any CPU.ActiveCfg = Debug|Any CPU
		{708F3C61-2ADB-466D-B5F2-B143DE18B9F2}.Debug|Any CPU.Build.0 = Debug|Any CPU
		{708F3C61-2ADB-466D-B5F2-B143DE18B9F2}.Release|Any CPU.ActiveCfg = Release|Any CPU
		{708F3C61-2ADB-466D-B5F2-B143DE18B9F2}.Release|Any CPU.Build.0 = Release|Any CPU
	EndGlobalSection
	GlobalSection(SolutionProperties) = preSolution
		HideSolutionNode = FALSE
	EndGlobalSection
	GlobalSection(ExtensibilityGlobals) = postSolution
		SolutionGuid = {F519953E-33D0-42D2-AAFE-67972B7F08A7}
	EndGlobalSection
EndGlobal
