
Microsoft Visual Studio Solution File, Format Version 12.00
# Visual Studio 15
VisualStudioVersion = 15.0.28307.421
MinimumVisualStudioVersion = 10.0.40219.1
Project("{FAE04EC0-301F-11D3-BF4B-00C04F79EFBC}") = "Day8", "Day8\Day8.csproj", "{D546A174-F0FB-4F25-A616-A153B2AB4DC0}"
EndProject
Project("{FAE04EC0-301F-11D3-BF4B-00C04F79EFBC}") = "Day8 Tests", "Day8 Tests\Day8 Tests.csproj", "{88A202C7-22FB-4F95-B6D9-36DC9838ABC7}"
EndProject
Global
	GlobalSection(SolutionConfigurationPlatforms) = preSolution
		Debug|Any CPU = Debug|Any CPU
		Release|Any CPU = Release|Any CPU
	EndGlobalSection
	GlobalSection(ProjectConfigurationPlatforms) = postSolution
		{D546A174-F0FB-4F25-A616-A153B2AB4DC0}.Debug|Any CPU.ActiveCfg = Debug|Any CPU
		{D546A174-F0FB-4F25-A616-A153B2AB4DC0}.Debug|Any CPU.Build.0 = Debug|Any CPU
		{D546A174-F0FB-4F25-A616-A153B2AB4DC0}.Release|Any CPU.ActiveCfg = Release|Any CPU
		{D546A174-F0FB-4F25-A616-A153B2AB4DC0}.Release|Any CPU.Build.0 = Release|Any CPU
		{88A202C7-22FB-4F95-B6D9-36DC9838ABC7}.Debug|Any CPU.ActiveCfg = Debug|Any CPU
		{88A202C7-22FB-4F95-B6D9-36DC9838ABC7}.Debug|Any CPU.Build.0 = Debug|Any CPU
		{88A202C7-22FB-4F95-B6D9-36DC9838ABC7}.Release|Any CPU.ActiveCfg = Release|Any CPU
		{88A202C7-22FB-4F95-B6D9-36DC9838ABC7}.Release|Any CPU.Build.0 = Release|Any CPU
	EndGlobalSection
	GlobalSection(SolutionProperties) = preSolution
		HideSolutionNode = FALSE
	EndGlobalSection
	GlobalSection(ExtensibilityGlobals) = postSolution
		SolutionGuid = {178D7112-D6C9-4F3E-87A5-42BFCE9B2342}
	EndGlobalSection
EndGlobal
