
Microsoft Visual Studio Solution File, Format Version 12.00
# Visual Studio 15
VisualStudioVersion = 15.0.28307.421
MinimumVisualStudioVersion = 10.0.40219.1
Project("{FAE04EC0-301F-11D3-BF4B-00C04F79EFBC}") = "Day 10", "Day 10\Day 10.csproj", "{658DF269-F894-409E-BA51-071106517B0A}"
EndProject
Project("{FAE04EC0-301F-11D3-BF4B-00C04F79EFBC}") = "Day10Tests", "Day10Tests\Day10Tests.csproj", "{4153C46C-9C3C-47E9-9C1B-72299D857E86}"
EndProject
Global
	GlobalSection(SolutionConfigurationPlatforms) = preSolution
		Debug|Any CPU = Debug|Any CPU
		Release|Any CPU = Release|Any CPU
	EndGlobalSection
	GlobalSection(ProjectConfigurationPlatforms) = postSolution
		{658DF269-F894-409E-BA51-071106517B0A}.Debug|Any CPU.ActiveCfg = Debug|Any CPU
		{658DF269-F894-409E-BA51-071106517B0A}.Debug|Any CPU.Build.0 = Debug|Any CPU
		{658DF269-F894-409E-BA51-071106517B0A}.Release|Any CPU.ActiveCfg = Release|Any CPU
		{658DF269-F894-409E-BA51-071106517B0A}.Release|Any CPU.Build.0 = Release|Any CPU
		{4153C46C-9C3C-47E9-9C1B-72299D857E86}.Debug|Any CPU.ActiveCfg = Debug|Any CPU
		{4153C46C-9C3C-47E9-9C1B-72299D857E86}.Debug|Any CPU.Build.0 = Debug|Any CPU
		{4153C46C-9C3C-47E9-9C1B-72299D857E86}.Release|Any CPU.ActiveCfg = Release|Any CPU
		{4153C46C-9C3C-47E9-9C1B-72299D857E86}.Release|Any CPU.Build.0 = Release|Any CPU
	EndGlobalSection
	GlobalSection(SolutionProperties) = preSolution
		HideSolutionNode = FALSE
	EndGlobalSection
	GlobalSection(ExtensibilityGlobals) = postSolution
		SolutionGuid = {5D009547-BE91-44EF-BA6F-694DC30BDD3B}
	EndGlobalSection
EndGlobal
