
Microsoft Visual Studio Solution File, Format Version 12.00
# Visual Studio 15
VisualStudioVersion = 15.0.28307.421
MinimumVisualStudioVersion = 10.0.40219.1
Project("{FAE04EC0-301F-11D3-BF4B-00C04F79EFBC}") = "Day 9", "Day 9\Day 9.csproj", "{70A40AF1-532E-4680-8C7A-4B8B28150983}"
EndProject
Project("{FAE04EC0-301F-11D3-BF4B-00C04F79EFBC}") = "Day 9 Tests", "..\Day 9 Tests\Day 9 Tests.csproj", "{0F0D76F1-F3A5-43F3-AA1E-6FDC723467AD}"
EndProject
Global
	GlobalSection(SolutionConfigurationPlatforms) = preSolution
		Debug|Any CPU = Debug|Any CPU
		Release|Any CPU = Release|Any CPU
	EndGlobalSection
	GlobalSection(ProjectConfigurationPlatforms) = postSolution
		{70A40AF1-532E-4680-8C7A-4B8B28150983}.Debug|Any CPU.ActiveCfg = Debug|Any CPU
		{70A40AF1-532E-4680-8C7A-4B8B28150983}.Debug|Any CPU.Build.0 = Debug|Any CPU
		{70A40AF1-532E-4680-8C7A-4B8B28150983}.Release|Any CPU.ActiveCfg = Release|Any CPU
		{70A40AF1-532E-4680-8C7A-4B8B28150983}.Release|Any CPU.Build.0 = Release|Any CPU
		{0F0D76F1-F3A5-43F3-AA1E-6FDC723467AD}.Debug|Any CPU.ActiveCfg = Debug|Any CPU
		{0F0D76F1-F3A5-43F3-AA1E-6FDC723467AD}.Debug|Any CPU.Build.0 = Debug|Any CPU
		{0F0D76F1-F3A5-43F3-AA1E-6FDC723467AD}.Release|Any CPU.ActiveCfg = Release|Any CPU
		{0F0D76F1-F3A5-43F3-AA1E-6FDC723467AD}.Release|Any CPU.Build.0 = Release|Any CPU
	EndGlobalSection
	GlobalSection(SolutionProperties) = preSolution
		HideSolutionNode = FALSE
	EndGlobalSection
	GlobalSection(ExtensibilityGlobals) = postSolution
		SolutionGuid = {3C82BCA1-1C88-4BB6-96BB-7AF2191CE2BB}
	EndGlobalSection
EndGlobal
